Microsoft Visual Studio Solution File, Format Version 12.00
# Visual Studio Version 17
VisualStudioVersion = 17.5.2.0
MinimumVisualStudioVersion = 10.0.40219.1
Project("{FAE04EC0-301F-11D3-BF4B-00C04F79EFBC}") = "Togeta", "Togeta.csproj", "{98F9C374-CEFD-53B5-C9FE-807AFB5C8531}"
EndProject
Global
	GlobalSection(SolutionConfigurationPlatforms) = preSolution
		Debug|Any CPU = Debug|Any CPU
		Release|Any CPU = Release|Any CPU
	EndGlobalSection
	GlobalSection(ProjectConfigurationPlatforms) = postSolution
		{98F9C374-CEFD-53B5-C9FE-807AFB5C8531}.Debug|Any CPU.ActiveCfg = Debug|Any CPU
		{98F9C374-CEFD-53B5-C9FE-807AFB5C8531}.Debug|Any CPU.Build.0 = Debug|Any CPU
		{98F9C374-CEFD-53B5-C9FE-807AFB5C8531}.Release|Any CPU.ActiveCfg = Release|Any CPU
		{98F9C374-CEFD-53B5-C9FE-807AFB5C8531}.Release|Any CPU.Build.0 = Release|Any CPU
	EndGlobalSection
	GlobalSection(SolutionProperties) = preSolution
		HideSolutionNode = FALSE
	EndGlobalSection
	GlobalSection(ExtensibilityGlobals) = postSolution
		SolutionGuid = {930079CB-44AF-4C3D-B276-5CB0438B0325}
	EndGlobalSection
EndGlobal
